
Microsoft Visual Studio Solution File, Format Version 12.00
# Visual Studio 2012
Project("{FAE04EC0-301F-11D3-BF4B-00C04F79EFBC}") = "BaseAssembly", "BaseAssembly\BaseAssembly.csproj", "{7E417BFB-2F16-41D4-B3AD-3DE8897E8BF0}"
EndProject
Project("{FAE04EC0-301F-11D3-BF4B-00C04F79EFBC}") = "BaseFixture", "BaseFixture\BaseFixture.csproj", "{FCF01397-3551-49BE-9209-D5D43320D4E6}"
EndProject
Project("{FAE04EC0-301F-11D3-BF4B-00C04F79EFBC}") = "LinksGui", "LinksGui\LinksGui.csproj", "{4E4734F1-5FA3-44EA-B58A-2F96E2D83537}"
EndProject
Global
	GlobalSection(SolutionConfigurationPlatforms) = preSolution
		Debug|Any CPU = Debug|Any CPU
		Debug|Mixed Platforms = Debug|Mixed Platforms
		Debug|x64 = Debug|x64
		Debug|x86 = Debug|x86
		Release|Any CPU = Release|Any CPU
		Release|Mixed Platforms = Release|Mixed Platforms
		Release|x64 = Release|x64
		Release|x86 = Release|x86
	EndGlobalSection
	GlobalSection(ProjectConfigurationPlatforms) = postSolution
		{7E417BFB-2F16-41D4-B3AD-3DE8897E8BF0}.Debug|Any CPU.ActiveCfg = Debug|Any CPU
		{7E417BFB-2F16-41D4-B3AD-3DE8897E8BF0}.Debug|Any CPU.Build.0 = Debug|Any CPU
		{7E417BFB-2F16-41D4-B3AD-3DE8897E8BF0}.Debug|Mixed Platforms.ActiveCfg = Debug|Any CPU
		{7E417BFB-2F16-41D4-B3AD-3DE8897E8BF0}.Debug|Mixed Platforms.Build.0 = Debug|Any CPU
		{7E417BFB-2F16-41D4-B3AD-3DE8897E8BF0}.Debug|Mixed Platforms.Deploy.0 = Debug|Any CPU
		{7E417BFB-2F16-41D4-B3AD-3DE8897E8BF0}.Debug|x64.ActiveCfg = Debug|Any CPU
		{7E417BFB-2F16-41D4-B3AD-3DE8897E8BF0}.Debug|x86.ActiveCfg = Debug|Any CPU
		{7E417BFB-2F16-41D4-B3AD-3DE8897E8BF0}.Release|Any CPU.ActiveCfg = Release|Any CPU
		{7E417BFB-2F16-41D4-B3AD-3DE8897E8BF0}.Release|Any CPU.Build.0 = Release|Any CPU
		{7E417BFB-2F16-41D4-B3AD-3DE8897E8BF0}.Release|Mixed Platforms.ActiveCfg = Release|Any CPU
		{7E417BFB-2F16-41D4-B3AD-3DE8897E8BF0}.Release|Mixed Platforms.Build.0 = Release|Any CPU
		{7E417BFB-2F16-41D4-B3AD-3DE8897E8BF0}.Release|x64.ActiveCfg = Release|Any CPU
		{7E417BFB-2F16-41D4-B3AD-3DE8897E8BF0}.Release|x86.ActiveCfg = Release|Any CPU
		{FCF01397-3551-49BE-9209-D5D43320D4E6}.Debug|Any CPU.ActiveCfg = Debug|Any CPU
		{FCF01397-3551-49BE-9209-D5D43320D4E6}.Debug|Any CPU.Build.0 = Debug|Any CPU
		{FCF01397-3551-49BE-9209-D5D43320D4E6}.Debug|Mixed Platforms.ActiveCfg = Debug|Any CPU
		{FCF01397-3551-49BE-9209-D5D43320D4E6}.Debug|Mixed Platforms.Build.0 = Debug|Any CPU
		{FCF01397-3551-49BE-9209-D5D43320D4E6}.Debug|Mixed Platforms.Deploy.0 = Debug|Any CPU
		{FCF01397-3551-49BE-9209-D5D43320D4E6}.Debug|x64.ActiveCfg = Debug|Any CPU
		{FCF01397-3551-49BE-9209-D5D43320D4E6}.Debug|x86.ActiveCfg = Debug|Any CPU
		{FCF01397-3551-49BE-9209-D5D43320D4E6}.Release|Any CPU.ActiveCfg = Debug|Any CPU
		{FCF01397-3551-49BE-9209-D5D43320D4E6}.Release|Any CPU.Build.0 = Debug|Any CPU
		{FCF01397-3551-49BE-9209-D5D43320D4E6}.Release|Mixed Platforms.ActiveCfg = Debug|Any CPU
		{FCF01397-3551-49BE-9209-D5D43320D4E6}.Release|Mixed Platforms.Build.0 = Debug|Any CPU
		{FCF01397-3551-49BE-9209-D5D43320D4E6}.Release|x64.ActiveCfg = Debug|Any CPU
		{FCF01397-3551-49BE-9209-D5D43320D4E6}.Release|x86.ActiveCfg = Debug|Any CPU
		{4E4734F1-5FA3-44EA-B58A-2F96E2D83537}.Debug|Any CPU.ActiveCfg = Debug|x86
		{4E4734F1-5FA3-44EA-B58A-2F96E2D83537}.Debug|Mixed Platforms.ActiveCfg = Debug|x64
		{4E4734F1-5FA3-44EA-B58A-2F96E2D83537}.Debug|Mixed Platforms.Build.0 = Debug|x64
		{4E4734F1-5FA3-44EA-B58A-2F96E2D83537}.Debug|x64.ActiveCfg = Debug|x64
		{4E4734F1-5FA3-44EA-B58A-2F96E2D83537}.Debug|x64.Build.0 = Debug|x64
		{4E4734F1-5FA3-44EA-B58A-2F96E2D83537}.Debug|x86.ActiveCfg = Debug|x86
		{4E4734F1-5FA3-44EA-B58A-2F96E2D83537}.Debug|x86.Build.0 = Debug|x86
		{4E4734F1-5FA3-44EA-B58A-2F96E2D83537}.Release|Any CPU.ActiveCfg = Release|x86
		{4E4734F1-5FA3-44EA-B58A-2F96E2D83537}.Release|Mixed Platforms.ActiveCfg = Release|x86
		{4E4734F1-5FA3-44EA-B58A-2F96E2D83537}.Release|Mixed Platforms.Build.0 = Release|x86
		{4E4734F1-5FA3-44EA-B58A-2F96E2D83537}.Release|x64.ActiveCfg = Release|x64
		{4E4734F1-5FA3-44EA-B58A-2F96E2D83537}.Release|x64.Build.0 = Release|x64
		{4E4734F1-5FA3-44EA-B58A-2F96E2D83537}.Release|x86.ActiveCfg = Release|x86
		{4E4734F1-5FA3-44EA-B58A-2F96E2D83537}.Release|x86.Build.0 = Release|x86
	EndGlobalSection
	GlobalSection(SolutionProperties) = preSolution
		HideSolutionNode = FALSE
	EndGlobalSection
EndGlobal
